
Microsoft Visual Studio Solution File, Format Version 12.00
# Visual Studio Version 16
VisualStudioVersion = 16.0.29613.14
MinimumVisualStudioVersion = 10.0.40219.1
Project("{FAE04EC0-301F-11D3-BF4B-00C04F79EFBC}") = "Gün saat sipariş girme", "Gün saat sipariş girme.csproj", "{C1855777-C9CD-42E0-A5BA-5018E8BA95BE}"
EndProject
Global
	GlobalSection(SolutionConfigurationPlatforms) = preSolution
		Debug|Any CPU = Debug|Any CPU
		Release|Any CPU = Release|Any CPU
	EndGlobalSection
	GlobalSection(ProjectConfigurationPlatforms) = postSolution
		{C1855777-C9CD-42E0-A5BA-5018E8BA95BE}.Debug|Any CPU.ActiveCfg = Debug|Any CPU
		{C1855777-C9CD-42E0-A5BA-5018E8BA95BE}.Debug|Any CPU.Build.0 = Debug|Any CPU
		{C1855777-C9CD-42E0-A5BA-5018E8BA95BE}.Release|Any CPU.ActiveCfg = Release|Any CPU
		{C1855777-C9CD-42E0-A5BA-5018E8BA95BE}.Release|Any CPU.Build.0 = Release|Any CPU
	EndGlobalSection
	GlobalSection(SolutionProperties) = preSolution
		HideSolutionNode = FALSE
	EndGlobalSection
	GlobalSection(ExtensibilityGlobals) = postSolution
		SolutionGuid = {6B94F6F3-BCE5-427D-96AC-A26766E094C2}
	EndGlobalSection
EndGlobal
